<?xml version="1.0" encoding="UTF-8"?>
<!DOCTYPE plist PUBLIC "-//Apple//DTD PLIST 1.0//EN" "http://www.apple.com/DTDs/PropertyList-1.0.dtd">
<plist version="1.0">
<dict>
	<key>archiveVersion</key>
	<string>1</string>
	<key>classes</key>
	<dict/>
	<key>objectVersion</key>
	<string>46</string>
	<key>objects</key>
	<dict>
		<key>07BFCB3B61E54208BA7FCB01</key>
		<dict>
			<key>fileRef</key>
			<string>AD29EFEBCC4443B5A56FA989</string>
			<key>isa</key>
			<string>PBXBuildFile</string>
		</dict>
		<key>1129F4501906EF050083A3E6</key>
		<dict>
			<key>children</key>
			<array>
				<string>1129F4621906EF050083A3E6</string>
				<string>1129F4841906EF050083A3E6</string>
				<string>1129F45B1906EF050083A3E6</string>
				<string>1129F45A1906EF050083A3E6</string>
				<string>99744B57F7294885A216162B</string>
				<string>1A87356AB24945E3B8C6712A</string>
			</array>
			<key>isa</key>
			<string>PBXGroup</string>
			<key>sourceTree</key>
			<string>&lt;group&gt;</string>
		</dict>
		<key>1129F4511906EF050083A3E6</key>
		<dict>
			<key>attributes</key>
			<dict>
				<key>CLASSPREFIX</key>
				<string>TNK</string>
				<key>LastUpgradeCheck</key>
				<string>0510</string>
				<key>ORGANIZATIONNAME</key>
				<string>ThinkUltimate</string>
				<key>TargetAttributes</key>
				<dict>
					<key>1129F47C1906EF050083A3E6</key>
					<dict>
						<key>TestTargetID</key>
						<string>1129F4581906EF050083A3E6</string>
					</dict>
				</dict>
			</dict>
			<key>buildConfigurationList</key>
			<string>1129F4541906EF050083A3E6</string>
			<key>compatibilityVersion</key>
			<string>Xcode 3.2</string>
			<key>developmentRegion</key>
			<string>English</string>
			<key>hasScannedForEncodings</key>
			<string>0</string>
			<key>isa</key>
			<string>PBXProject</string>
			<key>knownRegions</key>
			<array>
				<string>en</string>
				<string>Base</string>
			</array>
			<key>mainGroup</key>
			<string>1129F4501906EF050083A3E6</string>
			<key>productRefGroup</key>
			<string>1129F45A1906EF050083A3E6</string>
			<key>projectDirPath</key>
			<string></string>
			<key>projectReferences</key>
			<array/>
			<key>projectRoot</key>
			<string></string>
			<key>targets</key>
			<array>
				<string>1129F4581906EF050083A3E6</string>
				<string>1129F47C1906EF050083A3E6</string>
			</array>
		</dict>
		<key>1129F4541906EF050083A3E6</key>
		<dict>
			<key>buildConfigurations</key>
			<array>
				<string>1129F48C1906EF050083A3E6</string>
				<string>1129F48D1906EF050083A3E6</string>
			</array>
			<key>defaultConfigurationIsVisible</key>
			<string>0</string>
			<key>defaultConfigurationName</key>
			<string>Release</string>
			<key>isa</key>
			<string>XCConfigurationList</string>
		</dict>
		<key>1129F4551906EF050083A3E6</key>
		<dict>
			<key>buildActionMask</key>
			<string>2147483647</string>
			<key>files</key>
			<array>
				<string>1129F4731906EF050083A3E6</string>
				<string>11F2586219085D54003FAAE6</string>
				<string>1129F46D1906EF050083A3E6</string>
				<string>1129F4691906EF050083A3E6</string>
				<string>1129F4761906EF050083A3E6</string>
			</array>
			<key>isa</key>
			<string>PBXSourcesBuildPhase</string>
			<key>runOnlyForDeploymentPostprocessing</key>
			<string>0</string>
		</dict>
		<key>1129F4561906EF050083A3E6</key>
		<dict>
			<key>buildActionMask</key>
			<string>2147483647</string>
			<key>files</key>
			<array>
				<string>1129F45F1906EF050083A3E6</string>
				<string>1129F4611906EF050083A3E6</string>
				<string>1129F45D1906EF050083A3E6</string>
				<string>07BFCB3B61E54208BA7FCB01</string>
			</array>
			<key>isa</key>
			<string>PBXFrameworksBuildPhase</string>
			<key>runOnlyForDeploymentPostprocessing</key>
			<string>0</string>
		</dict>
		<key>1129F4571906EF050083A3E6</key>
		<dict>
			<key>buildActionMask</key>
			<string>2147483647</string>
			<key>files</key>
			<array>
				<string>1129F4781906EF050083A3E6</string>
				<string>1129F4671906EF050083A3E6</string>
				<string>1129F4701906EF050083A3E6</string>
			</array>
			<key>isa</key>
			<string>PBXResourcesBuildPhase</string>
			<key>runOnlyForDeploymentPostprocessing</key>
			<string>0</string>
		</dict>
		<key>1129F4581906EF050083A3E6</key>
		<dict>
			<key>buildConfigurationList</key>
			<string>1129F48E1906EF050083A3E6</string>
			<key>buildPhases</key>
			<array>
				<string>531D5F6736984008B2257B02</string>
				<string>1129F4551906EF050083A3E6</string>
				<string>1129F4561906EF050083A3E6</string>
				<string>1129F4571906EF050083A3E6</string>
				<string>4EC877EAADC248F29214BCB6</string>
			</array>
			<key>buildRules</key>
			<array/>
			<key>dependencies</key>
			<array/>
			<key>isa</key>
			<string>PBXNativeTarget</string>
			<key>name</key>
			<string>TNKDataDemo</string>
			<key>productName</key>
			<string>TNKDataDemo</string>
			<key>productReference</key>
			<string>1129F4591906EF050083A3E6</string>
			<key>productType</key>
			<string>com.apple.product-type.application</string>
		</dict>
		<key>1129F4591906EF050083A3E6</key>
		<dict>
			<key>explicitFileType</key>
			<string>wrapper.application</string>
			<key>includeInIndex</key>
			<string>0</string>
			<key>isa</key>
			<string>PBXFileReference</string>
			<key>path</key>
			<string>TNKDataDemo.app</string>
			<key>sourceTree</key>
			<string>BUILT_PRODUCTS_DIR</string>
		</dict>
		<key>1129F45A1906EF050083A3E6</key>
		<dict>
			<key>children</key>
			<array>
				<string>1129F4591906EF050083A3E6</string>
				<string>1129F47D1906EF050083A3E6</string>
			</array>
			<key>isa</key>
			<string>PBXGroup</string>
			<key>name</key>
			<string>Products</string>
			<key>sourceTree</key>
			<string>&lt;group&gt;</string>
		</dict>
		<key>1129F45B1906EF050083A3E6</key>
		<dict>
			<key>children</key>
			<array>
				<string>1129F45C1906EF050083A3E6</string>
				<string>1129F45E1906EF050083A3E6</string>
				<string>1129F4601906EF050083A3E6</string>
				<string>1129F47E1906EF050083A3E6</string>
				<string>841EBD5FBBE7421486A81050</string>
				<string>AD29EFEBCC4443B5A56FA989</string>
				<string>8D4A13585728482CBA134BB8</string>
			</array>
			<key>isa</key>
			<string>PBXGroup</string>
			<key>name</key>
			<string>Frameworks</string>
			<key>sourceTree</key>
			<string>&lt;group&gt;</string>
		</dict>
		<key>1129F45C1906EF050083A3E6</key>
		<dict>
			<key>isa</key>
			<string>PBXFileReference</string>
			<key>lastKnownFileType</key>
			<string>wrapper.framework</string>
			<key>name</key>
			<string>Foundation.framework</string>
			<key>path</key>
			<string>System/Library/Frameworks/Foundation.framework</string>
			<key>sourceTree</key>
			<string>SDKROOT</string>
		</dict>
		<key>1129F45D1906EF050083A3E6</key>
		<dict>
			<key>fileRef</key>
			<string>1129F45C1906EF050083A3E6</string>
			<key>isa</key>
			<string>PBXBuildFile</string>
		</dict>
		<key>1129F45E1906EF050083A3E6</key>
		<dict>
			<key>isa</key>
			<string>PBXFileReference</string>
			<key>lastKnownFileType</key>
			<string>wrapper.framework</string>
			<key>name</key>
			<string>CoreGraphics.framework</string>
			<key>path</key>
			<string>System/Library/Frameworks/CoreGraphics.framework</string>
			<key>sourceTree</key>
			<string>SDKROOT</string>
		</dict>
		<key>1129F45F1906EF050083A3E6</key>
		<dict>
			<key>fileRef</key>
			<string>1129F45E1906EF050083A3E6</string>
			<key>isa</key>
			<string>PBXBuildFile</string>
		</dict>
		<key>1129F4601906EF050083A3E6</key>
		<dict>
			<key>isa</key>
			<string>PBXFileReference</string>
			<key>lastKnownFileType</key>
			<string>wrapper.framework</string>
			<key>name</key>
			<string>UIKit.framework</string>
			<key>path</key>
			<string>System/Library/Frameworks/UIKit.framework</string>
			<key>sourceTree</key>
			<string>SDKROOT</string>
		</dict>
		<key>1129F4611906EF050083A3E6</key>
		<dict>
			<key>fileRef</key>
			<string>1129F4601906EF050083A3E6</string>
			<key>isa</key>
			<string>PBXBuildFile</string>
		</dict>
		<key>1129F4621906EF050083A3E6</key>
		<dict>
			<key>children</key>
			<array>
				<string>1129F46B1906EF050083A3E6</string>
				<string>1129F46C1906EF050083A3E6</string>
				<string>1129F46E1906EF050083A3E6</string>
				<string>1129F4711906EF050083A3E6</string>
				<string>1129F4721906EF050083A3E6</string>
				<string>1129F4741906EF050083A3E6</string>
				<string>1129F4751906EF050083A3E6</string>
				<string>11F2586019085D54003FAAE6</string>
				<string>11F2586119085D54003FAAE6</string>
				<string>1129F4771906EF050083A3E6</string>
				<string>1129F4631906EF050083A3E6</string>
			</array>
			<key>isa</key>
			<string>PBXGroup</string>
			<key>path</key>
			<string>TNKDataDemo</string>
			<key>sourceTree</key>
			<string>&lt;group&gt;</string>
		</dict>
		<key>1129F4631906EF050083A3E6</key>
		<dict>
			<key>children</key>
			<array>
				<string>1129F4641906EF050083A3E6</string>
				<string>1129F4651906EF050083A3E6</string>
				<string>1129F4681906EF050083A3E6</string>
				<string>1129F46A1906EF050083A3E6</string>
			</array>
			<key>isa</key>
			<string>PBXGroup</string>
			<key>name</key>
			<string>Supporting Files</string>
			<key>sourceTree</key>
			<string>&lt;group&gt;</string>
		</dict>
		<key>1129F4641906EF050083A3E6</key>
		<dict>
			<key>isa</key>
			<string>PBXFileReference</string>
			<key>lastKnownFileType</key>
			<string>text.plist.xml</string>
			<key>path</key>
			<string>TNKDataDemo-Info.plist</string>
			<key>sourceTree</key>
			<string>&lt;group&gt;</string>
		</dict>
		<key>1129F4651906EF050083A3E6</key>
		<dict>
			<key>children</key>
			<array>
				<string>1129F4661906EF050083A3E6</string>
			</array>
			<key>isa</key>
			<string>PBXVariantGroup</string>
			<key>name</key>
			<string>InfoPlist.strings</string>
			<key>sourceTree</key>
			<string>&lt;group&gt;</string>
		</dict>
		<key>1129F4661906EF050083A3E6</key>
		<dict>
			<key>isa</key>
			<string>PBXFileReference</string>
			<key>lastKnownFileType</key>
			<string>text.plist.strings</string>
			<key>name</key>
			<string>en</string>
			<key>path</key>
			<string>en.lproj/InfoPlist.strings</string>
			<key>sourceTree</key>
			<string>&lt;group&gt;</string>
		</dict>
		<key>1129F4671906EF050083A3E6</key>
		<dict>
			<key>fileRef</key>
			<string>1129F4651906EF050083A3E6</string>
			<key>isa</key>
			<string>PBXBuildFile</string>
		</dict>
		<key>1129F4681906EF050083A3E6</key>
		<dict>
			<key>isa</key>
			<string>PBXFileReference</string>
			<key>lastKnownFileType</key>
			<string>sourcecode.c.objc</string>
			<key>path</key>
			<string>main.m</string>
			<key>sourceTree</key>
			<string>&lt;group&gt;</string>
		</dict>
		<key>1129F4691906EF050083A3E6</key>
		<dict>
			<key>fileRef</key>
			<string>1129F4681906EF050083A3E6</string>
			<key>isa</key>
			<string>PBXBuildFile</string>
		</dict>
		<key>1129F46A1906EF050083A3E6</key>
		<dict>
			<key>isa</key>
			<string>PBXFileReference</string>
			<key>lastKnownFileType</key>
			<string>sourcecode.c.h</string>
			<key>path</key>
			<string>TNKDataDemo-Prefix.pch</string>
			<key>sourceTree</key>
			<string>&lt;group&gt;</string>
		</dict>
		<key>1129F46B1906EF050083A3E6</key>
		<dict>
			<key>isa</key>
			<string>PBXFileReference</string>
			<key>lastKnownFileType</key>
			<string>sourcecode.c.h</string>
			<key>path</key>
			<string>TNKAppDelegate.h</string>
			<key>sourceTree</key>
			<string>&lt;group&gt;</string>
		</dict>
		<key>1129F46C1906EF050083A3E6</key>
		<dict>
			<key>isa</key>
			<string>PBXFileReference</string>
			<key>lastKnownFileType</key>
			<string>sourcecode.c.objc</string>
			<key>path</key>
			<string>TNKAppDelegate.m</string>
			<key>sourceTree</key>
			<string>&lt;group&gt;</string>
		</dict>
		<key>1129F46D1906EF050083A3E6</key>
		<dict>
			<key>fileRef</key>
			<string>1129F46C1906EF050083A3E6</string>
			<key>isa</key>
			<string>PBXBuildFile</string>
		</dict>
		<key>1129F46E1906EF050083A3E6</key>
		<dict>
			<key>children</key>
			<array>
				<string>1129F46F1906EF050083A3E6</string>
			</array>
			<key>isa</key>
			<string>PBXVariantGroup</string>
			<key>name</key>
			<string>Main.storyboard</string>
			<key>sourceTree</key>
			<string>&lt;group&gt;</string>
		</dict>
		<key>1129F46F1906EF050083A3E6</key>
		<dict>
			<key>isa</key>
			<string>PBXFileReference</string>
			<key>lastKnownFileType</key>
			<string>file.storyboard</string>
			<key>name</key>
			<string>Base</string>
			<key>path</key>
			<string>Base.lproj/Main.storyboard</string>
			<key>sourceTree</key>
			<string>&lt;group&gt;</string>
		</dict>
		<key>1129F4701906EF050083A3E6</key>
		<dict>
			<key>fileRef</key>
			<string>1129F46E1906EF050083A3E6</string>
			<key>isa</key>
			<string>PBXBuildFile</string>
		</dict>
		<key>1129F4711906EF050083A3E6</key>
		<dict>
			<key>isa</key>
			<string>PBXFileReference</string>
			<key>lastKnownFileType</key>
			<string>sourcecode.c.h</string>
			<key>path</key>
			<string>TNKMasterViewController.h</string>
			<key>sourceTree</key>
			<string>&lt;group&gt;</string>
		</dict>
		<key>1129F4721906EF050083A3E6</key>
		<dict>
			<key>isa</key>
			<string>PBXFileReference</string>
			<key>lastKnownFileType</key>
			<string>sourcecode.c.objc</string>
			<key>path</key>
			<string>TNKMasterViewController.m</string>
			<key>sourceTree</key>
			<string>&lt;group&gt;</string>
		</dict>
		<key>1129F4731906EF050083A3E6</key>
		<dict>
			<key>fileRef</key>
			<string>1129F4721906EF050083A3E6</string>
			<key>isa</key>
			<string>PBXBuildFile</string>
		</dict>
		<key>1129F4741906EF050083A3E6</key>
		<dict>
			<key>isa</key>
			<string>PBXFileReference</string>
			<key>lastKnownFileType</key>
			<string>sourcecode.c.h</string>
			<key>path</key>
			<string>TNKDetailViewController.h</string>
			<key>sourceTree</key>
			<string>&lt;group&gt;</string>
		</dict>
		<key>1129F4751906EF050083A3E6</key>
		<dict>
			<key>isa</key>
			<string>PBXFileReference</string>
			<key>lastKnownFileType</key>
			<string>sourcecode.c.objc</string>
			<key>path</key>
			<string>TNKDetailViewController.m</string>
			<key>sourceTree</key>
			<string>&lt;group&gt;</string>
		</dict>
		<key>1129F4761906EF050083A3E6</key>
		<dict>
			<key>fileRef</key>
			<string>1129F4751906EF050083A3E6</string>
			<key>isa</key>
			<string>PBXBuildFile</string>
		</dict>
		<key>1129F4771906EF050083A3E6</key>
		<dict>
			<key>isa</key>
			<string>PBXFileReference</string>
			<key>lastKnownFileType</key>
			<string>folder.assetcatalog</string>
			<key>path</key>
			<string>Images.xcassets</string>
			<key>sourceTree</key>
			<string>&lt;group&gt;</string>
		</dict>
		<key>1129F4781906EF050083A3E6</key>
		<dict>
			<key>fileRef</key>
			<string>1129F4771906EF050083A3E6</string>
			<key>isa</key>
			<string>PBXBuildFile</string>
		</dict>
		<key>1129F4791906EF050083A3E6</key>
		<dict>
			<key>buildActionMask</key>
			<string>2147483647</string>
			<key>files</key>
			<array>
				<string>117C4F8D190AFB6D004AAB0F</string>
				<string>1129F48B1906EF050083A3E6</string>
			</array>
			<key>isa</key>
			<string>PBXSourcesBuildPhase</string>
			<key>runOnlyForDeploymentPostprocessing</key>
			<string>0</string>
		</dict>
		<key>1129F47A1906EF050083A3E6</key>
		<dict>
			<key>buildActionMask</key>
			<string>2147483647</string>
			<key>files</key>
			<array>
				<string>1129F47F1906EF050083A3E6</string>
				<string>1129F4811906EF050083A3E6</string>
				<string>1129F4801906EF050083A3E6</string>
				<string>F45A908F97414B8C94690AED</string>
			</array>
			<key>isa</key>
			<string>PBXFrameworksBuildPhase</string>
			<key>runOnlyForDeploymentPostprocessing</key>
			<string>0</string>
		</dict>
		<key>1129F47B1906EF050083A3E6</key>
		<dict>
			<key>buildActionMask</key>
			<string>2147483647</string>
			<key>files</key>
			<array>
				<string>1129F4891906EF050083A3E6</string>
			</array>
			<key>isa</key>
			<string>PBXResourcesBuildPhase</string>
			<key>runOnlyForDeploymentPostprocessing</key>
			<string>0</string>
		</dict>
		<key>1129F47C1906EF050083A3E6</key>
		<dict>
			<key>buildConfigurationList</key>
			<string>1129F4911906EF050083A3E6</string>
			<key>buildPhases</key>
			<array>
				<string>49AB2D08C2E4410B98B1FF0A</string>
				<string>1129F4791906EF050083A3E6</string>
				<string>1129F47A1906EF050083A3E6</string>
				<string>1129F47B1906EF050083A3E6</string>
				<string>681C40E31F6D4E4AB33F2D1D</string>
			</array>
			<key>buildRules</key>
			<array/>
			<key>dependencies</key>
			<array>
				<string>1129F4831906EF050083A3E6</string>
			</array>
			<key>isa</key>
			<string>PBXNativeTarget</string>
			<key>name</key>
			<string>TNKDataTests</string>
			<key>productName</key>
			<string>TNKDataDemoTests</string>
			<key>productReference</key>
			<string>1129F47D1906EF050083A3E6</string>
			<key>productType</key>
			<string>com.apple.product-type.bundle.unit-test</string>
		</dict>
		<key>1129F47D1906EF050083A3E6</key>
		<dict>
			<key>explicitFileType</key>
			<string>wrapper.cfbundle</string>
			<key>includeInIndex</key>
			<string>0</string>
			<key>isa</key>
			<string>PBXFileReference</string>
			<key>path</key>
			<string>TNKDataTests.xctest</string>
			<key>sourceTree</key>
			<string>BUILT_PRODUCTS_DIR</string>
		</dict>
		<key>1129F47E1906EF050083A3E6</key>
		<dict>
			<key>isa</key>
			<string>PBXFileReference</string>
			<key>lastKnownFileType</key>
			<string>wrapper.framework</string>
			<key>name</key>
			<string>XCTest.framework</string>
			<key>path</key>
			<string>Library/Frameworks/XCTest.framework</string>
			<key>sourceTree</key>
			<string>DEVELOPER_DIR</string>
		</dict>
		<key>1129F47F1906EF050083A3E6</key>
		<dict>
			<key>fileRef</key>
			<string>1129F47E1906EF050083A3E6</string>
			<key>isa</key>
			<string>PBXBuildFile</string>
		</dict>
		<key>1129F4801906EF050083A3E6</key>
		<dict>
			<key>fileRef</key>
			<string>1129F45C1906EF050083A3E6</string>
			<key>isa</key>
			<string>PBXBuildFile</string>
		</dict>
		<key>1129F4811906EF050083A3E6</key>
		<dict>
			<key>fileRef</key>
			<string>1129F4601906EF050083A3E6</string>
			<key>isa</key>
			<string>PBXBuildFile</string>
		</dict>
		<key>1129F4821906EF050083A3E6</key>
		<dict>
			<key>containerPortal</key>
			<string>1129F4511906EF050083A3E6</string>
			<key>isa</key>
			<string>PBXContainerItemProxy</string>
			<key>proxyType</key>
			<string>1</string>
			<key>remoteGlobalIDString</key>
			<string>1129F4581906EF050083A3E6</string>
			<key>remoteInfo</key>
			<string>TNKDataDemo</string>
		</dict>
		<key>1129F4831906EF050083A3E6</key>
		<dict>
			<key>isa</key>
			<string>PBXTargetDependency</string>
			<key>target</key>
			<string>1129F4581906EF050083A3E6</string>
			<key>targetProxy</key>
			<string>1129F4821906EF050083A3E6</string>
		</dict>
		<key>1129F4841906EF050083A3E6</key>
		<dict>
			<key>children</key>
			<array>
				<string>1129F48A1906EF050083A3E6</string>
				<string>117C4F8B190AFB6D004AAB0F</string>
				<string>117C4F8C190AFB6D004AAB0F</string>
				<string>1129F4851906EF050083A3E6</string>
			</array>
			<key>isa</key>
			<string>PBXGroup</string>
			<key>path</key>
			<string>TNKDataTests</string>
			<key>sourceTree</key>
			<string>&lt;group&gt;</string>
		</dict>
		<key>1129F4851906EF050083A3E6</key>
		<dict>
			<key>children</key>
			<array>
				<string>1129F4861906EF050083A3E6</string>
				<string>1129F4871906EF050083A3E6</string>
			</array>
			<key>isa</key>
			<string>PBXGroup</string>
			<key>name</key>
			<string>Supporting Files</string>
			<key>sourceTree</key>
			<string>&lt;group&gt;</string>
		</dict>
		<key>1129F4861906EF050083A3E6</key>
		<dict>
			<key>isa</key>
			<string>PBXFileReference</string>
			<key>lastKnownFileType</key>
			<string>text.plist.xml</string>
			<key>path</key>
			<string>TNKDataTests-Info.plist</string>
			<key>sourceTree</key>
			<string>&lt;group&gt;</string>
		</dict>
		<key>1129F4871906EF050083A3E6</key>
		<dict>
			<key>children</key>
			<array>
				<string>1129F4881906EF050083A3E6</string>
			</array>
			<key>isa</key>
			<string>PBXVariantGroup</string>
			<key>name</key>
			<string>InfoPlist.strings</string>
			<key>sourceTree</key>
			<string>&lt;group&gt;</string>
		</dict>
		<key>1129F4881906EF050083A3E6</key>
		<dict>
			<key>isa</key>
			<string>PBXFileReference</string>
			<key>lastKnownFileType</key>
			<string>text.plist.strings</string>
			<key>name</key>
			<string>en</string>
			<key>path</key>
			<string>en.lproj/InfoPlist.strings</string>
			<key>sourceTree</key>
			<string>&lt;group&gt;</string>
		</dict>
		<key>1129F4891906EF050083A3E6</key>
		<dict>
			<key>fileRef</key>
			<string>1129F4871906EF050083A3E6</string>
			<key>isa</key>
			<string>PBXBuildFile</string>
		</dict>
		<key>1129F48A1906EF050083A3E6</key>
		<dict>
			<key>isa</key>
			<string>PBXFileReference</string>
			<key>lastKnownFileType</key>
			<string>sourcecode.c.objc</string>
			<key>path</key>
			<string>TNKDataTests.m</string>
			<key>sourceTree</key>
			<string>&lt;group&gt;</string>
		</dict>
		<key>1129F48B1906EF050083A3E6</key>
		<dict>
			<key>fileRef</key>
			<string>1129F48A1906EF050083A3E6</string>
			<key>isa</key>
			<string>PBXBuildFile</string>
		</dict>
		<key>1129F48C1906EF050083A3E6</key>
		<dict>
			<key>buildSettings</key>
			<dict>
				<key>ALWAYS_SEARCH_USER_PATHS</key>
				<string>NO</string>
				<key>CLANG_CXX_LANGUAGE_STANDARD</key>
				<string>gnu++0x</string>
				<key>CLANG_CXX_LIBRARY</key>
				<string>libc++</string>
				<key>CLANG_ENABLE_MODULES</key>
				<string>YES</string>
				<key>CLANG_ENABLE_OBJC_ARC</key>
				<string>YES</string>
				<key>CLANG_WARN_BOOL_CONVERSION</key>
				<string>YES</string>
				<key>CLANG_WARN_CONSTANT_CONVERSION</key>
				<string>YES</string>
				<key>CLANG_WARN_DIRECT_OBJC_ISA_USAGE</key>
				<string>YES_ERROR</string>
				<key>CLANG_WARN_EMPTY_BODY</key>
				<string>YES</string>
				<key>CLANG_WARN_ENUM_CONVERSION</key>
				<string>YES</string>
				<key>CLANG_WARN_INT_CONVERSION</key>
				<string>YES</string>
				<key>CLANG_WARN_OBJC_ROOT_CLASS</key>
				<string>YES_ERROR</string>
				<key>CLANG_WARN__DUPLICATE_METHOD_MATCH</key>
				<string>YES</string>
				<key>CODE_SIGN_IDENTITY[sdk=iphoneos*]</key>
				<string>iPhone Developer</string>
				<key>COPY_PHASE_STRIP</key>
				<string>NO</string>
				<key>GCC_C_LANGUAGE_STANDARD</key>
				<string>gnu99</string>
				<key>GCC_DYNAMIC_NO_PIC</key>
				<string>NO</string>
				<key>GCC_OPTIMIZATION_LEVEL</key>
				<string>0</string>
				<key>GCC_PREPROCESSOR_DEFINITIONS</key>
				<array>
					<string>DEBUG=1</string>
					<string>$(inherited)</string>
				</array>
				<key>GCC_SYMBOLS_PRIVATE_EXTERN</key>
				<string>NO</string>
				<key>GCC_WARN_64_TO_32_BIT_CONVERSION</key>
				<string>YES</string>
				<key>GCC_WARN_ABOUT_RETURN_TYPE</key>
				<string>YES_ERROR</string>
				<key>GCC_WARN_UNDECLARED_SELECTOR</key>
				<string>YES</string>
				<key>GCC_WARN_UNINITIALIZED_AUTOS</key>
				<string>YES_AGGRESSIVE</string>
				<key>GCC_WARN_UNUSED_FUNCTION</key>
				<string>YES</string>
				<key>GCC_WARN_UNUSED_VARIABLE</key>
				<string>YES</string>
				<key>IPHONEOS_DEPLOYMENT_TARGET</key>
				<string>7.1</string>
				<key>ONLY_ACTIVE_ARCH</key>
				<string>YES</string>
				<key>SDKROOT</key>
				<string>iphoneos</string>
			</dict>
			<key>isa</key>
			<string>XCBuildConfiguration</string>
			<key>name</key>
			<string>Debug</string>
		</dict>
		<key>1129F48D1906EF050083A3E6</key>
		<dict>
			<key>buildSettings</key>
			<dict>
				<key>ALWAYS_SEARCH_USER_PATHS</key>
				<string>NO</string>
				<key>CLANG_CXX_LANGUAGE_STANDARD</key>
				<string>gnu++0x</string>
				<key>CLANG_CXX_LIBRARY</key>
				<string>libc++</string>
				<key>CLANG_ENABLE_MODULES</key>
				<string>YES</string>
				<key>CLANG_ENABLE_OBJC_ARC</key>
				<string>YES</string>
				<key>CLANG_WARN_BOOL_CONVERSION</key>
				<string>YES</string>
				<key>CLANG_WARN_CONSTANT_CONVERSION</key>
				<string>YES</string>
				<key>CLANG_WARN_DIRECT_OBJC_ISA_USAGE</key>
				<string>YES_ERROR</string>
				<key>CLANG_WARN_EMPTY_BODY</key>
				<string>YES</string>
				<key>CLANG_WARN_ENUM_CONVERSION</key>
				<string>YES</string>
				<key>CLANG_WARN_INT_CONVERSION</key>
				<string>YES</string>
				<key>CLANG_WARN_OBJC_ROOT_CLASS</key>
				<string>YES_ERROR</string>
				<key>CLANG_WARN__DUPLICATE_METHOD_MATCH</key>
				<string>YES</string>
				<key>CODE_SIGN_IDENTITY[sdk=iphoneos*]</key>
				<string>iPhone Developer</string>
				<key>COPY_PHASE_STRIP</key>
				<string>YES</string>
				<key>ENABLE_NS_ASSERTIONS</key>
				<string>NO</string>
				<key>GCC_C_LANGUAGE_STANDARD</key>
				<string>gnu99</string>
				<key>GCC_WARN_64_TO_32_BIT_CONVERSION</key>
				<string>YES</string>
				<key>GCC_WARN_ABOUT_RETURN_TYPE</key>
				<string>YES_ERROR</string>
				<key>GCC_WARN_UNDECLARED_SELECTOR</key>
				<string>YES</string>
				<key>GCC_WARN_UNINITIALIZED_AUTOS</key>
				<string>YES_AGGRESSIVE</string>
				<key>GCC_WARN_UNUSED_FUNCTION</key>
				<string>YES</string>
				<key>GCC_WARN_UNUSED_VARIABLE</key>
				<string>YES</string>
				<key>IPHONEOS_DEPLOYMENT_TARGET</key>
				<string>7.1</string>
				<key>SDKROOT</key>
				<string>iphoneos</string>
				<key>VALIDATE_PRODUCT</key>
				<string>YES</string>
			</dict>
			<key>isa</key>
			<string>XCBuildConfiguration</string>
			<key>name</key>
			<string>Release</string>
		</dict>
		<key>1129F48E1906EF050083A3E6</key>
		<dict>
			<key>buildConfigurations</key>
			<array>
				<string>1129F48F1906EF050083A3E6</string>
				<string>1129F4901906EF050083A3E6</string>
			</array>
			<key>defaultConfigurationIsVisible</key>
			<string>0</string>
			<key>defaultConfigurationName</key>
			<string>Release</string>
			<key>isa</key>
			<string>XCConfigurationList</string>
		</dict>
		<key>1129F48F1906EF050083A3E6</key>
		<dict>
			<key>baseConfigurationReference</key>
			<string>99744B57F7294885A216162B</string>
			<key>buildSettings</key>
			<dict>
				<key>ASSETCATALOG_COMPILER_APPICON_NAME</key>
				<string>AppIcon</string>
				<key>ASSETCATALOG_COMPILER_LAUNCHIMAGE_NAME</key>
				<string>LaunchImage</string>
				<key>GCC_PRECOMPILE_PREFIX_HEADER</key>
				<string>YES</string>
				<key>GCC_PREFIX_HEADER</key>
				<string>TNKDataDemo/TNKDataDemo-Prefix.pch</string>
				<key>INFOPLIST_FILE</key>
				<string>TNKDataDemo/TNKDataDemo-Info.plist</string>
				<key>PRODUCT_NAME</key>
				<string>$(TARGET_NAME)</string>
				<key>WRAPPER_EXTENSION</key>
				<string>app</string>
			</dict>
			<key>isa</key>
			<string>XCBuildConfiguration</string>
			<key>name</key>
			<string>Debug</string>
		</dict>
		<key>1129F4901906EF050083A3E6</key>
		<dict>
			<key>baseConfigurationReference</key>
			<string>99744B57F7294885A216162B</string>
			<key>buildSettings</key>
			<dict>
				<key>ASSETCATALOG_COMPILER_APPICON_NAME</key>
				<string>AppIcon</string>
				<key>ASSETCATALOG_COMPILER_LAUNCHIMAGE_NAME</key>
				<string>LaunchImage</string>
				<key>GCC_PRECOMPILE_PREFIX_HEADER</key>
				<string>YES</string>
				<key>GCC_PREFIX_HEADER</key>
				<string>TNKDataDemo/TNKDataDemo-Prefix.pch</string>
				<key>INFOPLIST_FILE</key>
				<string>TNKDataDemo/TNKDataDemo-Info.plist</string>
				<key>PRODUCT_NAME</key>
				<string>$(TARGET_NAME)</string>
				<key>WRAPPER_EXTENSION</key>
				<string>app</string>
			</dict>
			<key>isa</key>
			<string>XCBuildConfiguration</string>
			<key>name</key>
			<string>Release</string>
		</dict>
		<key>1129F4911906EF050083A3E6</key>
		<dict>
			<key>buildConfigurations</key>
			<array>
				<string>1129F4921906EF050083A3E6</string>
				<string>1129F4931906EF050083A3E6</string>
			</array>
			<key>defaultConfigurationIsVisible</key>
			<string>0</string>
			<key>defaultConfigurationName</key>
			<string>Release</string>
			<key>isa</key>
			<string>XCConfigurationList</string>
		</dict>
		<key>1129F4921906EF050083A3E6</key>
		<dict>
			<key>baseConfigurationReference</key>
			<string>1A87356AB24945E3B8C6712A</string>
			<key>buildSettings</key>
			<dict>
				<key>BUNDLE_LOADER</key>
				<string>$(BUILT_PRODUCTS_DIR)/TNKDataDemo.app/TNKDataDemo</string>
				<key>FRAMEWORK_SEARCH_PATHS</key>
				<array>
					<string>$(SDKROOT)/Developer/Library/Frameworks</string>
					<string>$(inherited)</string>
					<string>$(DEVELOPER_FRAMEWORKS_DIR)</string>
				</array>
				<key>GCC_PRECOMPILE_PREFIX_HEADER</key>
				<string>YES</string>
				<key>GCC_PREFIX_HEADER</key>
				<string>TNKDataDemo/TNKDataDemo-Prefix.pch</string>
				<key>GCC_PREPROCESSOR_DEFINITIONS</key>
				<array>
					<string>DEBUG=1</string>
					<string>$(inherited)</string>
				</array>
				<key>INFOPLIST_FILE</key>
				<string>TNKDataTests/TNKDataTests-Info.plist</string>
				<key>PRODUCT_NAME</key>
				<string>$(TARGET_NAME)</string>
				<key>TEST_HOST</key>
				<string>$(BUNDLE_LOADER)</string>
				<key>WRAPPER_EXTENSION</key>
				<string>xctest</string>
			</dict>
			<key>isa</key>
			<string>XCBuildConfiguration</string>
			<key>name</key>
			<string>Debug</string>
		</dict>
		<key>1129F4931906EF050083A3E6</key>
		<dict>
			<key>baseConfigurationReference</key>
			<string>1A87356AB24945E3B8C6712A</string>
			<key>buildSettings</key>
			<dict>
				<key>BUNDLE_LOADER</key>
				<string>$(BUILT_PRODUCTS_DIR)/TNKDataDemo.app/TNKDataDemo</string>
				<key>FRAMEWORK_SEARCH_PATHS</key>
				<array>
					<string>$(SDKROOT)/Developer/Library/Frameworks</string>
					<string>$(inherited)</string>
					<string>$(DEVELOPER_FRAMEWORKS_DIR)</string>
				</array>
				<key>GCC_PRECOMPILE_PREFIX_HEADER</key>
				<string>YES</string>
				<key>GCC_PREFIX_HEADER</key>
				<string>TNKDataDemo/TNKDataDemo-Prefix.pch</string>
				<key>INFOPLIST_FILE</key>
				<string>TNKDataTests/TNKDataTests-Info.plist</string>
				<key>PRODUCT_NAME</key>
				<string>$(TARGET_NAME)</string>
				<key>TEST_HOST</key>
				<string>$(BUNDLE_LOADER)</string>
				<key>WRAPPER_EXTENSION</key>
				<string>xctest</string>
			</dict>
			<key>isa</key>
			<string>XCBuildConfiguration</string>
			<key>name</key>
			<string>Release</string>
		</dict>
		<key>117C4F8B190AFB6D004AAB0F</key>
		<dict>
			<key>fileEncoding</key>
			<string>4</string>
			<key>isa</key>
			<string>PBXFileReference</string>
			<key>lastKnownFileType</key>
			<string>sourcecode.c.h</string>
			<key>path</key>
			<string>TNKTestObject.h</string>
			<key>sourceTree</key>
			<string>&lt;group&gt;</string>
		</dict>
		<key>117C4F8C190AFB6D004AAB0F</key>
		<dict>
			<key>fileEncoding</key>
			<string>4</string>
			<key>isa</key>
			<string>PBXFileReference</string>
			<key>lastKnownFileType</key>
			<string>sourcecode.c.objc</string>
			<key>path</key>
			<string>TNKTestObject.m</string>
			<key>sourceTree</key>
			<string>&lt;group&gt;</string>
		</dict>
		<key>117C4F8D190AFB6D004AAB0F</key>
		<dict>
			<key>fileRef</key>
			<string>117C4F8C190AFB6D004AAB0F</string>
			<key>isa</key>
			<string>PBXBuildFile</string>
		</dict>
		<key>11F2586019085D54003FAAE6</key>
		<dict>
			<key>fileEncoding</key>
			<string>4</string>
			<key>isa</key>
			<string>PBXFileReference</string>
			<key>lastKnownFileType</key>
			<string>sourcecode.c.h</string>
			<key>path</key>
			<string>TNKEvent.h</string>
			<key>sourceTree</key>
			<string>&lt;group&gt;</string>
		</dict>
		<key>11F2586119085D54003FAAE6</key>
		<dict>
			<key>fileEncoding</key>
			<string>4</string>
			<key>isa</key>
			<string>PBXFileReference</string>
			<key>lastKnownFileType</key>
			<string>sourcecode.c.objc</string>
			<key>path</key>
			<string>TNKEvent.m</string>
			<key>sourceTree</key>
			<string>&lt;group&gt;</string>
		</dict>
		<key>11F2586219085D54003FAAE6</key>
		<dict>
			<key>fileRef</key>
			<string>11F2586119085D54003FAAE6</string>
			<key>isa</key>
			<string>PBXBuildFile</string>
		</dict>
		<key>1A87356AB24945E3B8C6712A</key>
		<dict>
			<key>includeInIndex</key>
			<string>1</string>
			<key>isa</key>
			<string>PBXFileReference</string>
			<key>lastKnownFileType</key>
			<string>text.xcconfig</string>
			<key>name</key>
			<string>Pods-TNKDataTests.xcconfig</string>
			<key>path</key>
			<string>Pods/Pods-TNKDataTests.xcconfig</string>
			<key>sourceTree</key>
			<string>&lt;group&gt;</string>
		</dict>
		<key>49AB2D08C2E4410B98B1FF0A</key>
		<dict>
			<key>buildActionMask</key>
			<string>2147483647</string>
			<key>files</key>
			<array/>
			<key>inputPaths</key>
			<array/>
			<key>isa</key>
			<string>PBXShellScriptBuildPhase</string>
			<key>name</key>
			<string>Check Pods Manifest.lock</string>
			<key>outputPaths</key>
			<array/>
			<key>runOnlyForDeploymentPostprocessing</key>
			<string>0</string>
			<key>shellPath</key>
			<string>/bin/sh</string>
			<key>shellScript</key>
			<string>diff "${PODS_ROOT}/../Podfile.lock" "${PODS_ROOT}/Manifest.lock" &gt; /dev/null
if [[ $? != 0 ]] ; then
    cat &lt;&lt; EOM
error: The sandbox is not in sync with the Podfile.lock. Run 'pod install' or update your CocoaPods installation.
EOM
    exit 1
fi
</string>
			<key>showEnvVarsInLog</key>
			<string>0</string>
		</dict>
		<key>4EC877EAADC248F29214BCB6</key>
		<dict>
			<key>buildActionMask</key>
			<string>2147483647</string>
			<key>files</key>
			<array/>
			<key>inputPaths</key>
			<array/>
			<key>isa</key>
			<string>PBXShellScriptBuildPhase</string>
			<key>name</key>
			<string>Copy Pods Resources</string>
			<key>outputPaths</key>
			<array/>
			<key>runOnlyForDeploymentPostprocessing</key>
			<string>0</string>
			<key>shellPath</key>
			<string>/bin/sh</string>
			<key>shellScript</key>
			<string>"${SRCROOT}/Pods/Pods-TNKDataDemo-resources.sh"
</string>
			<key>showEnvVarsInLog</key>
			<string>0</string>
		</dict>
		<key>531D5F6736984008B2257B02</key>
		<dict>
			<key>buildActionMask</key>
			<string>2147483647</string>
			<key>files</key>
			<array/>
			<key>inputPaths</key>
			<array/>
			<key>isa</key>
			<string>PBXShellScriptBuildPhase</string>
			<key>name</key>
			<string>Check Pods Manifest.lock</string>
			<key>outputPaths</key>
			<array/>
			<key>runOnlyForDeploymentPostprocessing</key>
			<string>0</string>
			<key>shellPath</key>
			<string>/bin/sh</string>
			<key>shellScript</key>
			<string>diff "${PODS_ROOT}/../Podfile.lock" "${PODS_ROOT}/Manifest.lock" &gt; /dev/null
if [[ $? != 0 ]] ; then
    cat &lt;&lt; EOM
error: The sandbox is not in sync with the Podfile.lock. Run 'pod install' or update your CocoaPods installation.
EOM
    exit 1
fi
</string>
			<key>showEnvVarsInLog</key>
			<string>0</string>
		</dict>
		<key>681C40E31F6D4E4AB33F2D1D</key>
		<dict>
			<key>buildActionMask</key>
			<string>2147483647</string>
			<key>files</key>
			<array/>
			<key>inputPaths</key>
			<array/>
			<key>isa</key>
			<string>PBXShellScriptBuildPhase</string>
			<key>name</key>
			<string>Copy Pods Resources</string>
			<key>outputPaths</key>
			<array/>
			<key>runOnlyForDeploymentPostprocessing</key>
			<string>0</string>
			<key>shellPath</key>
			<string>/bin/sh</string>
			<key>shellScript</key>
			<string>"${SRCROOT}/Pods/Pods-TNKDataTests-resources.sh"
</string>
			<key>showEnvVarsInLog</key>
			<string>0</string>
		</dict>
		<key>841EBD5FBBE7421486A81050</key>
		<dict>
			<key>explicitFileType</key>
			<string>archive.ar</string>
			<key>includeInIndex</key>
			<string>0</string>
			<key>isa</key>
			<string>PBXFileReference</string>
			<key>path</key>
			<string>libPods.a</string>
			<key>sourceTree</key>
			<string>BUILT_PRODUCTS_DIR</string>
		</dict>
		<key>8D4A13585728482CBA134BB8</key>
		<dict>
			<key>explicitFileType</key>
			<string>archive.ar</string>
			<key>includeInIndex</key>
			<string>0</string>
			<key>isa</key>
			<string>PBXFileReference</string>
			<key>path</key>
			<string>libPods-TNKDataTests.a</string>
			<key>sourceTree</key>
			<string>BUILT_PRODUCTS_DIR</string>
		</dict>
		<key>99744B57F7294885A216162B</key>
		<dict>
			<key>includeInIndex</key>
			<string>1</string>
			<key>isa</key>
			<string>PBXFileReference</string>
			<key>lastKnownFileType</key>
			<string>text.xcconfig</string>
			<key>name</key>
			<string>Pods-TNKDataDemo.xcconfig</string>
			<key>path</key>
			<string>Pods/Pods-TNKDataDemo.xcconfig</string>
			<key>sourceTree</key>
			<string>&lt;group&gt;</string>
		</dict>
		<key>AD29EFEBCC4443B5A56FA989</key>
		<dict>
			<key>explicitFileType</key>
			<string>archive.ar</string>
			<key>includeInIndex</key>
			<string>0</string>
			<key>isa</key>
			<string>PBXFileReference</string>
			<key>path</key>
			<string>libPods-TNKDataDemo.a</string>
			<key>sourceTree</key>
			<string>BUILT_PRODUCTS_DIR</string>
		</dict>
		<key>F45A908F97414B8C94690AED</key>
		<dict>
			<key>fileRef</key>
			<string>8D4A13585728482CBA134BB8</string>
			<key>isa</key>
			<string>PBXBuildFile</string>
		</dict>
	</dict>
	<key>rootObject</key>
	<string>1129F4511906EF050083A3E6</string>
</dict>
</plist>
